{
  "name": "angga-maulana-athaariq-ti2-b",
  "version": "0.0.0",
  "lockfileVersion": 1,
  "requires": true,
  "dependencies": {
    "@angular/http": {
      "version": "7.2.14",
      "resolved": "https://registry.npmjs.org/@angular/http/-/http-7.2.14.tgz",
      "integrity": "sha512-rSdH2JojApDU83qVm7RabIlNo3Ni3yr2gwsmQWs4XZ7SC8jLNnDkzdUbQ6T0vfuVX3v/FtAuMJl0yaVcG3EUJg==",
      "requires": {
        "tslib": "^1.9.0"
      },
      "dependencies": {
        "tslib": {
          "version": "1.9.3",
          "resolved": "https://registry.npmjs.org/tslib/-/tslib-1.9.3.tgz",
          "integrity": "sha512-4krF8scpejhaOgqzBEcGM7yDIEfi0/8+8zDRZhNZZ2kjmHJ4hv3zCbQWxoJGz1iw5U0Jl0nma13xzHXcncMavQ=="
        }
      }
    },
    "@angular/material": {
      "version": "7.3.7",
      "resolved": "https://registry.npmjs.org/@angular/material/-/material-7.3.7.tgz",
      "integrity": "sha512-Eq+7frkeNGkLOfEtmkmJgR+AgoWajOipXZWWfCSamNfpCcPof82DwvGOpAmgGni9FuN2XFQdqP5MoaffQzIvUA==",
      "requires": {
        "tslib": "^1.7.1"
      },
      "dependencies": {
        "tslib": {
          "version": "1.9.3",
          "resolved": "https://registry.npmjs.org/tslib/-/tslib-1.9.3.tgz",
          "integrity": "sha512-4krF8scpejhaOgqzBEcGM7yDIEfi0/8+8zDRZhNZZ2kjmHJ4hv3zCbQWxoJGz1iw5U0Jl0nma13xzHXcncMavQ=="
        }
      }
    },
    "bootstrap": {
      "version": "4.3.1",
      "resolved": "https://registry.npmjs.org/bootstrap/-/bootstrap-4.3.1.tgz",
      "integrity": "sha512-rXqOmH1VilAt2DyPzluTi2blhk17bO7ef+zLLPlWvG494pDxcM234pJ8wTc/6R40UWizAIIMgxjvxZg5kmsbag=="
    },
    "ng-uikit": {
      "version": "0.1.6",
      "resolved": "https://registry.npmjs.org/ng-uikit/-/ng-uikit-0.1.6.tgz",
      "integrity": "sha512-uE0ch/nvdOFeZ5CwrqE5XqH7ooFWjo860YAG5Ks98Twjs/Qj+LKrNwHgVlPXf+qAUUvsoTPy1Bqjs3O9y+4e4w==",
      "requires": {
        "tslib": "^1.9.0"
      },
      "dependencies": {
        "tslib": {
          "version": "1.9.3",
          "resolved": "https://registry.npmjs.org/tslib/-/tslib-1.9.3.tgz",
          "integrity": "sha512-4krF8scpejhaOgqzBEcGM7yDIEfi0/8+8zDRZhNZZ2kjmHJ4hv3zCbQWxoJGz1iw5U0Jl0nma13xzHXcncMavQ=="
        }
      }
    }
  }
}
